
Microsoft Visual Studio Solution File, Format Version 12.00
# Visual Studio Version 17
VisualStudioVersion = 17.4.33110.190
MinimumVisualStudioVersion = 10.0.40219.1
Project("{9A19103F-16F7-4668-BE54-9A1E7A4F7556}") = "Acount", "Acount\Acount.csproj", "{CC591B23-43C5-4CCE-9116-4F1502C6893B}"
EndProject
Project("{9A19103F-16F7-4668-BE54-9A1E7A4F7556}") = "AccountDAL", "AccountDAL\AccountDAL.csproj", "{A030A4D0-9DA8-4310-8119-DE62E587565E}"
EndProject
Project("{9A19103F-16F7-4668-BE54-9A1E7A4F7556}") = "BAL", "BAL\BAL.csproj", "{0534770B-3A99-4A32-9DC8-42F16006F230}"
EndProject
Project("{9A19103F-16F7-4668-BE54-9A1E7A4F7556}") = "DashBoard", "DashBoard\DashBoard.csproj", "{20B0F620-7CC5-432E-A3E0-F780B2527041}"
EndProject
Project("{FAE04EC0-301F-11D3-BF4B-00C04F79EFBC}") = "cozastore", "cozastore\cozastore.csproj", "{D94C9F63-F095-46C3-B33E-7822FD24036A}"
EndProject
Global
	GlobalSection(SolutionConfigurationPlatforms) = preSolution
		Debug|Any CPU = Debug|Any CPU
		Release|Any CPU = Release|Any CPU
	EndGlobalSection
	GlobalSection(ProjectConfigurationPlatforms) = postSolution
		{CC591B23-43C5-4CCE-9116-4F1502C6893B}.Debug|Any CPU.ActiveCfg = Debug|Any CPU
		{CC591B23-43C5-4CCE-9116-4F1502C6893B}.Debug|Any CPU.Build.0 = Debug|Any CPU
		{CC591B23-43C5-4CCE-9116-4F1502C6893B}.Release|Any CPU.ActiveCfg = Release|Any CPU
		{CC591B23-43C5-4CCE-9116-4F1502C6893B}.Release|Any CPU.Build.0 = Release|Any CPU
		{A030A4D0-9DA8-4310-8119-DE62E587565E}.Debug|Any CPU.ActiveCfg = Debug|Any CPU
		{A030A4D0-9DA8-4310-8119-DE62E587565E}.Debug|Any CPU.Build.0 = Debug|Any CPU
		{A030A4D0-9DA8-4310-8119-DE62E587565E}.Release|Any CPU.ActiveCfg = Release|Any CPU
		{A030A4D0-9DA8-4310-8119-DE62E587565E}.Release|Any CPU.Build.0 = Release|Any CPU
		{0534770B-3A99-4A32-9DC8-42F16006F230}.Debug|Any CPU.ActiveCfg = Debug|Any CPU
		{0534770B-3A99-4A32-9DC8-42F16006F230}.Debug|Any CPU.Build.0 = Debug|Any CPU
		{0534770B-3A99-4A32-9DC8-42F16006F230}.Release|Any CPU.ActiveCfg = Release|Any CPU
		{0534770B-3A99-4A32-9DC8-42F16006F230}.Release|Any CPU.Build.0 = Release|Any CPU
		{20B0F620-7CC5-432E-A3E0-F780B2527041}.Debug|Any CPU.ActiveCfg = Debug|Any CPU
		{20B0F620-7CC5-432E-A3E0-F780B2527041}.Debug|Any CPU.Build.0 = Debug|Any CPU
		{20B0F620-7CC5-432E-A3E0-F780B2527041}.Release|Any CPU.ActiveCfg = Release|Any CPU
		{20B0F620-7CC5-432E-A3E0-F780B2527041}.Release|Any CPU.Build.0 = Release|Any CPU
		{D94C9F63-F095-46C3-B33E-7822FD24036A}.Debug|Any CPU.ActiveCfg = Debug|Any CPU
		{D94C9F63-F095-46C3-B33E-7822FD24036A}.Debug|Any CPU.Build.0 = Debug|Any CPU
		{D94C9F63-F095-46C3-B33E-7822FD24036A}.Release|Any CPU.ActiveCfg = Release|Any CPU
		{D94C9F63-F095-46C3-B33E-7822FD24036A}.Release|Any CPU.Build.0 = Release|Any CPU
	EndGlobalSection
	GlobalSection(SolutionProperties) = preSolution
		HideSolutionNode = FALSE
	EndGlobalSection
	GlobalSection(ExtensibilityGlobals) = postSolution
		SolutionGuid = {00D02CCE-86F8-4FCE-965D-B34ADCFC9467}
	EndGlobalSection
EndGlobal
